
Microsoft Visual Studio Solution File, Format Version 12.00
# Visual Studio Version 16
VisualStudioVersion = 16.0.31025.194
MinimumVisualStudioVersion = 10.0.40219.1
Project("{9A19103F-16F7-4668-BE54-9A1E7A4F7556}") = "BlogWeb.api", "BlogWeb.api\BlogWeb.api.csproj", "{57C932AF-91F7-4F4B-BC86-5BD49507929B}"
EndProject
Project("{9A19103F-16F7-4668-BE54-9A1E7A4F7556}") = "BlogWeb.entity", "BlogWeb.entity\BlogWeb.entity.csproj", "{0947D13E-18A2-46C4-AF68-B83456F05B16}"
EndProject
Project("{9A19103F-16F7-4668-BE54-9A1E7A4F7556}") = "BlogWeb.Repository", "BlogWeb.Repository\BlogWeb.Repository.csproj", "{8E811935-403B-4B65-9311-9A6AB307DB82}"
EndProject
Project("{9A19103F-16F7-4668-BE54-9A1E7A4F7556}") = "BlogWeb.Service", "BlogWeb.Service\BlogWeb.Service.csproj", "{519D1B8E-E567-406A-9C88-C89750944A4C}"
EndProject
Project("{FAE04EC0-301F-11D3-BF4B-00C04F79EFBC}") = "BlogPage", "BlogPage\BlogPage.csproj", "{10387492-9DAA-483F-AC1A-FC9BD5A71FA0}"
EndProject
Global
	GlobalSection(SolutionConfigurationPlatforms) = preSolution
		Debug|Any CPU = Debug|Any CPU
		Release|Any CPU = Release|Any CPU
	EndGlobalSection
	GlobalSection(ProjectConfigurationPlatforms) = postSolution
		{57C932AF-91F7-4F4B-BC86-5BD49507929B}.Debug|Any CPU.ActiveCfg = Debug|Any CPU
		{57C932AF-91F7-4F4B-BC86-5BD49507929B}.Debug|Any CPU.Build.0 = Debug|Any CPU
		{57C932AF-91F7-4F4B-BC86-5BD49507929B}.Release|Any CPU.ActiveCfg = Release|Any CPU
		{57C932AF-91F7-4F4B-BC86-5BD49507929B}.Release|Any CPU.Build.0 = Release|Any CPU
		{0947D13E-18A2-46C4-AF68-B83456F05B16}.Debug|Any CPU.ActiveCfg = Debug|Any CPU
		{0947D13E-18A2-46C4-AF68-B83456F05B16}.Debug|Any CPU.Build.0 = Debug|Any CPU
		{0947D13E-18A2-46C4-AF68-B83456F05B16}.Release|Any CPU.ActiveCfg = Release|Any CPU
		{0947D13E-18A2-46C4-AF68-B83456F05B16}.Release|Any CPU.Build.0 = Release|Any CPU
		{8E811935-403B-4B65-9311-9A6AB307DB82}.Debug|Any CPU.ActiveCfg = Debug|Any CPU
		{8E811935-403B-4B65-9311-9A6AB307DB82}.Debug|Any CPU.Build.0 = Debug|Any CPU
		{8E811935-403B-4B65-9311-9A6AB307DB82}.Release|Any CPU.ActiveCfg = Release|Any CPU
		{8E811935-403B-4B65-9311-9A6AB307DB82}.Release|Any CPU.Build.0 = Release|Any CPU
		{519D1B8E-E567-406A-9C88-C89750944A4C}.Debug|Any CPU.ActiveCfg = Debug|Any CPU
		{519D1B8E-E567-406A-9C88-C89750944A4C}.Debug|Any CPU.Build.0 = Debug|Any CPU
		{519D1B8E-E567-406A-9C88-C89750944A4C}.Release|Any CPU.ActiveCfg = Release|Any CPU
		{519D1B8E-E567-406A-9C88-C89750944A4C}.Release|Any CPU.Build.0 = Release|Any CPU
		{10387492-9DAA-483F-AC1A-FC9BD5A71FA0}.Debug|Any CPU.ActiveCfg = Debug|Any CPU
		{10387492-9DAA-483F-AC1A-FC9BD5A71FA0}.Debug|Any CPU.Build.0 = Debug|Any CPU
		{10387492-9DAA-483F-AC1A-FC9BD5A71FA0}.Release|Any CPU.ActiveCfg = Release|Any CPU
		{10387492-9DAA-483F-AC1A-FC9BD5A71FA0}.Release|Any CPU.Build.0 = Release|Any CPU
	EndGlobalSection
	GlobalSection(SolutionProperties) = preSolution
		HideSolutionNode = FALSE
	EndGlobalSection
	GlobalSection(ExtensibilityGlobals) = postSolution
		SolutionGuid = {C9733646-3964-451D-BB1B-4EB696CC7E8C}
	EndGlobalSection
EndGlobal
